
Microsoft Visual Studio Solution File, Format Version 10.00
# Visual Studio 2008
Project("{8BC9CEB8-8B4A-11D0-8D11-00A0C91BC942}") = "Effective C++", "Effective C++\Effective C++.vcproj", "{1756AA75-15C0-4964-A243-2ADC9967C065}"
EndProject
Global
	GlobalSection(SolutionConfigurationPlatforms) = preSolution
		Debug|Win32 = Debug|Win32
		Release|Win32 = Release|Win32
	EndGlobalSection
	GlobalSection(ProjectConfigurationPlatforms) = postSolution
		{1756AA75-15C0-4964-A243-2ADC9967C065}.Debug|Win32.ActiveCfg = Debug|Win32
		{1756AA75-15C0-4964-A243-2ADC9967C065}.Debug|Win32.Build.0 = Debug|Win32
		{1756AA75-15C0-4964-A243-2ADC9967C065}.Release|Win32.ActiveCfg = Release|Win32
		{1756AA75-15C0-4964-A243-2ADC9967C065}.Release|Win32.Build.0 = Release|Win32
	EndGlobalSection
	GlobalSection(SolutionProperties) = preSolution
		HideSolutionNode = FALSE
	EndGlobalSection
EndGlobal
