
Microsoft Visual Studio Solution File, Format Version 10.00
# Visual Studio 2008
Project("{8BC9CEB8-8B4A-11D0-8D11-00A0C91BC942}") = "性能剖析器", "性能剖析器\性能剖析器.vcproj", "{C53E3268-1609-4669-8FD8-5400630E7927}"
EndProject
Global
	GlobalSection(SolutionConfigurationPlatforms) = preSolution
		Debug|Win32 = Debug|Win32
		Release|Win32 = Release|Win32
	EndGlobalSection
	GlobalSection(ProjectConfigurationPlatforms) = postSolution
		{C53E3268-1609-4669-8FD8-5400630E7927}.Debug|Win32.ActiveCfg = Debug|Win32
		{C53E3268-1609-4669-8FD8-5400630E7927}.Debug|Win32.Build.0 = Debug|Win32
		{C53E3268-1609-4669-8FD8-5400630E7927}.Release|Win32.ActiveCfg = Release|Win32
		{C53E3268-1609-4669-8FD8-5400630E7927}.Release|Win32.Build.0 = Release|Win32
	EndGlobalSection
	GlobalSection(SolutionProperties) = preSolution
		HideSolutionNode = FALSE
	EndGlobalSection
EndGlobal
