
Microsoft Visual Studio Solution File, Format Version 10.00
# Visual Studio 2008
Project("{8BC9CEB8-8B4A-11D0-8D11-00A0C91BC942}") = "学生成绩管理系统", "学生成绩管理系统\学生成绩管理系统.vcproj", "{62274C9F-C2B6-4CE4-8C78-8BAE1B6CA006}"
EndProject
Global
	GlobalSection(SolutionConfigurationPlatforms) = preSolution
		Debug|Win32 = Debug|Win32
		Release|Win32 = Release|Win32
	EndGlobalSection
	GlobalSection(ProjectConfigurationPlatforms) = postSolution
		{62274C9F-C2B6-4CE4-8C78-8BAE1B6CA006}.Debug|Win32.ActiveCfg = Debug|Win32
		{62274C9F-C2B6-4CE4-8C78-8BAE1B6CA006}.Debug|Win32.Build.0 = Debug|Win32
		{62274C9F-C2B6-4CE4-8C78-8BAE1B6CA006}.Release|Win32.ActiveCfg = Release|Win32
		{62274C9F-C2B6-4CE4-8C78-8BAE1B6CA006}.Release|Win32.Build.0 = Release|Win32
	EndGlobalSection
	GlobalSection(SolutionProperties) = preSolution
		HideSolutionNode = FALSE
	EndGlobalSection
EndGlobal
