
Microsoft Visual Studio Solution File, Format Version 10.00
# Visual Studio 2008
Project("{8BC9CEB8-8B4A-11D0-8D11-00A0C91BC942}") = "二叉搜索树", "二叉搜索树\二叉搜索树.vcproj", "{E6B30A81-4BFF-4A2E-A02A-7B19A707F5A7}"
EndProject
Global
	GlobalSection(SolutionConfigurationPlatforms) = preSolution
		Debug|Win32 = Debug|Win32
		Release|Win32 = Release|Win32
	EndGlobalSection
	GlobalSection(ProjectConfigurationPlatforms) = postSolution
		{E6B30A81-4BFF-4A2E-A02A-7B19A707F5A7}.Debug|Win32.ActiveCfg = Debug|Win32
		{E6B30A81-4BFF-4A2E-A02A-7B19A707F5A7}.Debug|Win32.Build.0 = Debug|Win32
		{E6B30A81-4BFF-4A2E-A02A-7B19A707F5A7}.Release|Win32.ActiveCfg = Release|Win32
		{E6B30A81-4BFF-4A2E-A02A-7B19A707F5A7}.Release|Win32.Build.0 = Release|Win32
	EndGlobalSection
	GlobalSection(SolutionProperties) = preSolution
		HideSolutionNode = FALSE
	EndGlobalSection
EndGlobal
